
Microsoft Visual Studio Solution File, Format Version 12.00
# Visual Studio Version 17
VisualStudioVersion = 17.11.35327.3
MinimumVisualStudioVersion = 10.0.40219.1
Project("{FAE04EC0-301F-11D3-BF4B-00C04F79EFBC}") = "TexturedPyramid", "TexturedPyramid.csproj", "{ACAA4FDC-B3E1-4804-9E64-7BD24A0C47B1}"
EndProject
Global
	GlobalSection(SolutionConfigurationPlatforms) = preSolution
		Debug|Any CPU = Debug|Any CPU
		Release|Any CPU = Release|Any CPU
	EndGlobalSection
	GlobalSection(ProjectConfigurationPlatforms) = postSolution
		{ACAA4FDC-B3E1-4804-9E64-7BD24A0C47B1}.Debug|Any CPU.ActiveCfg = Debug|Any CPU
		{ACAA4FDC-B3E1-4804-9E64-7BD24A0C47B1}.Debug|Any CPU.Build.0 = Debug|Any CPU
		{ACAA4FDC-B3E1-4804-9E64-7BD24A0C47B1}.Release|Any CPU.ActiveCfg = Release|Any CPU
		{ACAA4FDC-B3E1-4804-9E64-7BD24A0C47B1}.Release|Any CPU.Build.0 = Release|Any CPU
	EndGlobalSection
	GlobalSection(SolutionProperties) = preSolution
		HideSolutionNode = FALSE
	EndGlobalSection
	GlobalSection(ExtensibilityGlobals) = postSolution
		SolutionGuid = {26E969AC-722B-48EC-87E5-F6CBC00E3CF0}
	EndGlobalSection
EndGlobal
